// !$*UTF8*$!
{
	archiveVersion = 1;
	classes = {
	};
	objectVersion = 56;
	objects = {

/* Begin PBXBuildFile section */
		D456DEBE2AB9FAD900B8DEA6 /* AppDelegate.m in Sources */ = {isa = PBXBuildFile; fileRef = D456DEBD2AB9FAD900B8DEA6 /* AppDelegate.m */; };
		D456DEC12AB9FAD900B8DEA6 /* SceneDelegate.m in Sources */ = {isa = PBXBuildFile; fileRef = D456DEC02AB9FAD900B8DEA6 /* SceneDelegate.m */; };
		D456DEC42AB9FAD900B8DEA6 /* ViewController.m in Sources */ = {isa = PBXBuildFile; fileRef = D456DEC32AB9FAD900B8DEA6 /* ViewController.m */; };
		D456DEC72AB9FAD900B8DEA6 /* Main.storyboard in Resources */ = {isa = PBXBuildFile; fileRef = D456DEC52AB9FAD900B8DEA6 /* Main.storyboard */; };
		D456DEC92AB9FADA00B8DEA6 /* Assets.xcassets in Resources */ = {isa = PBXBuildFile; fileRef = D456DEC82AB9FADA00B8DEA6 /* Assets.xcassets */; };
		D456DECC2AB9FADA00B8DEA6 /* LaunchScreen.storyboard in Resources */ = {isa = PBXBuildFile; fileRef = D456DECA2AB9FADA00B8DEA6 /* LaunchScreen.storyboard */; };
		D456DECF2AB9FADA00B8DEA6 /* main.m in Sources */ = {isa = PBXBuildFile; fileRef = D456DECE2AB9FADA00B8DEA6 /* main.m */; };
/* End PBXBuildFile section */

/* Begin PBXFileReference section */
		D456DEB92AB9FAD900B8DEA6 /* HwkSep19.app */ = {isa = PBXFileReference; explicitFileType = wrapper.application; includeInIndex = 0; path = HwkSep19.app; sourceTree = BUILT_PRODUCTS_DIR; };
		D456DEBC2AB9FAD900B8DEA6 /* AppDelegate.h */ = {isa = PBXFileReference; lastKnownFileType = sourcecode.c.h; path = AppDelegate.h; sourceTree = "<group>"; };
		D456DEBD2AB9FAD900B8DEA6 /* AppDelegate.m */ = {isa = PBXFileReference; lastKnownFileType = sourcecode.c.objc; path = AppDelegate.m; sourceTree = "<group>"; };
		D456DEBF2AB9FAD900B8DEA6 /* SceneDelegate.h */ = {isa = PBXFileReference; lastKnownFileType = sourcecode.c.h; path = SceneDelegate.h; sourceTree = "<group>"; };
		D456DEC02AB9FAD900B8DEA6 /* SceneDelegate.m */ = {isa = PBXFileReference; lastKnownFileType = sourcecode.c.objc; path = SceneDelegate.m; sourceTree = "<group>"; };
		D456DEC22AB9FAD900B8DEA6 /* ViewController.h */ = {isa = PBXFileReference; lastKnownFileType = sourcecode.c.h; path = ViewController.h; sourceTree = "<group>"; };
		D456DEC32AB9FAD900B8DEA6 /* ViewController.m */ = {isa = PBXFileReference; lastKnownFileType = sourcecode.c.objc; path = ViewController.m; sourceTree = "<group>"; };
		D456DEC62AB9FAD900B8DEA6 /* Base */ = {isa = PBXFileReference; lastKnownFileType = file.storyboard; name = Base; path = Base.lproj/Main.storyboard; sourceTree = "<group>"; };
		D456DEC82AB9FADA00B8DEA6 /* Assets.xcassets */ = {isa = PBXFileReference; lastKnownFileType = folder.assetcatalog; path = Assets.xcassets; sourceTree = "<group>"; };
		D456DECB2AB9FADA00B8DEA6 /* Base */ = {isa = PBXFileReference; lastKnownFileType = file.storyboard; name = Base; path = Base.lproj/LaunchScreen.storyboard; sourceTree = "<group>"; };
		D456DECD2AB9FADA00B8DEA6 /* Info.plist */ = {isa = PBXFileReference; lastKnownFileType = text.plist.xml; path = Info.plist; sourceTree = "<group>"; };
		D456DECE2AB9FADA00B8DEA6 /* main.m */ = {isa = PBXFileReference; lastKnownFileType = sourcecode.c.objc; path = main.m; sourceTree = "<group>"; };
/* End PBXFileReference section */

/* Begin PBXFrameworksBuildPhase section */
		D456DEB62AB9FAD900B8DEA6 /* Frameworks */ = {
			isa = PBXFrameworksBuildPhase;
			buildActionMask = 2147483647;
			files = (
			);
			runOnlyForDeploymentPostprocessing = 0;
		};
/* End PBXFrameworksBuildPhase section */

/* Begin PBXGroup section */
		D456DEB02AB9FAD900B8DEA6 = {
			isa = PBXGroup;
			children = (
				D456DEBB2AB9FAD900B8DEA6 /* HwkSep19 */,
				D456DEBA2AB9FAD900B8DEA6 /* Products */,
			);
			sourceTree = "<group>";
		};
		D456DEBA2AB9FAD900B8DEA6 /* Products */ = {
			isa = PBXGroup;
			children = (
				D456DEB92AB9FAD900B8DEA6 /* HwkSep19.app */,
			);
			name = Products;
			sourceTree = "<group>";
		};
		D456DEBB2AB9FAD900B8DEA6 /* HwkSep19 */ = {
			isa = PBXGroup;
			children = (
				D456DEBC2AB9FAD900B8DEA6 /* AppDelegate.h */,
				D456DEBD2AB9FAD900B8DEA6 /* AppDelegate.m */,
				D456DEBF2AB9FAD900B8DEA6 /* SceneDelegate.h */,
				D456DEC02AB9FAD900B8DEA6 /* SceneDelegate.m */,
				D456DEC22AB9FAD900B8DEA6 /* ViewController.h */,
				D456DEC32AB9FAD900B8DEA6 /* ViewController.m */,
				D456DEC52AB9FAD900B8DEA6 /* Main.storyboard */,
				D456DEC82AB9FADA00B8DEA6 /* Assets.xcassets */,
				D456DECA2AB9FADA00B8DEA6 /* LaunchScreen.storyboard */,
				D456DECD2AB9FADA00B8DEA6 /* Info.plist */,
				D456DECE2AB9FADA00B8DEA6 /* main.m */,
			);
			path = HwkSep19;
			sourceTree = "<group>";
		};
/* End PBXGroup section */

/* Begin PBXNativeTarget section */
		D456DEB82AB9FAD900B8DEA6 /* HwkSep19 */ = {
			isa = PBXNativeTarget;
			buildConfigurationList = D456DED22AB9FADA00B8DEA6 /* Build configuration list for PBXNativeTarget "HwkSep19" */;
			buildPhases = (
				D456DEB52AB9FAD900B8DEA6 /* Sources */,
				D456DEB62AB9FAD900B8DEA6 /* Frameworks */,
				D456DEB72AB9FAD900B8DEA6 /* Resources */,
			);
			buildRules = (
			);
			dependencies = (
			);
			name = HwkSep19;
			productName = HwkSep19;
			productReference = D456DEB92AB9FAD900B8DEA6 /* HwkSep19.app */;
			productType = "com.apple.product-type.application";
		};
/* End PBXNativeTarget section */

/* Begin PBXProject section */
		D456DEB12AB9FAD900B8DEA6 /* Project object */ = {
			isa = PBXProject;
			attributes = {
				BuildIndependentTargetsInParallel = 1;
				LastUpgradeCheck = 1430;
				TargetAttributes = {
					D456DEB82AB9FAD900B8DEA6 = {
						CreatedOnToolsVersion = 14.3.1;
					};
				};
			};
			buildConfigurationList = D456DEB42AB9FAD900B8DEA6 /* Build configuration list for PBXProject "HwkSep19" */;
			compatibilityVersion = "Xcode 14.0";
			developmentRegion = en;
			hasScannedForEncodings = 0;
			knownRegions = (
				en,
				Base,
			);
			mainGroup = D456DEB02AB9FAD900B8DEA6;
			productRefGroup = D456DEBA2AB9FAD900B8DEA6 /* Products */;
			projectDirPath = "";
			projectRoot = "";
			targets = (
				D456DEB82AB9FAD900B8DEA6 /* HwkSep19 */,
			);
		};
/* End PBXProject section */

/* Begin PBXResourcesBuildPhase section */
		D456DEB72AB9FAD900B8DEA6 /* Resources */ = {
			isa = PBXResourcesBuildPhase;
			buildActionMask = 2147483647;
			files = (
				D456DECC2AB9FADA00B8DEA6 /* LaunchScreen.storyboard in Resources */,
				D456DEC92AB9FADA00B8DEA6 /* Assets.xcassets in Resources */,
				D456DEC72AB9FAD900B8DEA6 /* Main.storyboard in Resources */,
			);
			runOnlyForDeploymentPostprocessing = 0;
		};
/* End PBXResourcesBuildPhase section */

/* Begin PBXSourcesBuildPhase section */
		D456DEB52AB9FAD900B8DEA6 /* Sources */ = {
			isa = PBXSourcesBuildPhase;
			buildActionMask = 2147483647;
			files = (
				D456DEC42AB9FAD900B8DEA6 /* ViewController.m in Sources */,
				D456DEBE2AB9FAD900B8DEA6 /* AppDelegate.m in Sources */,
				D456DECF2AB9FADA00B8DEA6 /* main.m in Sources */,
				D456DEC12AB9FAD900B8DEA6 /* SceneDelegate.m in Sources */,
			);
			runOnlyForDeploymentPostprocessing = 0;
		};
/* End PBXSourcesBuildPhase section */

/* Begin PBXVariantGroup section */
		D456DEC52AB9FAD900B8DEA6 /* Main.storyboard */ = {
			isa = PBXVariantGroup;
			children = (
				D456DEC62AB9FAD900B8DEA6 /* Base */,
			);
			name = Main.storyboard;
			sourceTree = "<group>";
		};
		D456DECA2AB9FADA00B8DEA6 /* LaunchScreen.storyboard */ = {
			isa = PBXVariantGroup;
			children = (
				D456DECB2AB9FADA00B8DEA6 /* Base */,
			);
			name = LaunchScreen.storyboard;
			sourceTree = "<group>";
		};
/* End PBXVariantGroup section */

/* Begin XCBuildConfiguration section */
		D456DED02AB9FADA00B8DEA6 /* Debug */ = {
			isa = XCBuildConfiguration;
			buildSettings = {
				ALWAYS_SEARCH_USER_PATHS = NO;
				CLANG_ANALYZER_NONNULL = YES;
				CLANG_ANALYZER_NUMBER_OBJECT_CONVERSION = YES_AGGRESSIVE;
				CLANG_CXX_LANGUAGE_STANDARD = "gnu++20";
				CLANG_ENABLE_MODULES = YES;
				CLANG_ENABLE_OBJC_ARC = YES;
				CLANG_ENABLE_OBJC_WEAK = YES;
				CLANG_WARN_BLOCK_CAPTURE_AUTORELEASING = YES;
				CLANG_WARN_BOOL_CONVERSION = YES;
				CLANG_WARN_COMMA = YES;
				CLANG_WARN_CONSTANT_CONVERSION = YES;
				CLANG_WARN_DEPRECATED_OBJC_IMPLEMENTATIONS = YES;
				CLANG_WARN_DIRECT_OBJC_ISA_USAGE = YES_ERROR;
				CLANG_WARN_DOCUMENTATION_COMMENTS = YES;
				CLANG_WARN_EMPTY_BODY = YES;
				CLANG_WARN_ENUM_CONVERSION = YES;
				CLANG_WARN_INFINITE_RECURSION = YES;
				CLANG_WARN_INT_CONVERSION = YES;
				CLANG_WARN_NON_LITERAL_NULL_CONVERSION = YES;
				CLANG_WARN_OBJC_IMPLICIT_RETAIN_SELF = YES;
				CLANG_WARN_OBJC_LITERAL_CONVERSION = YES;
				CLANG_WARN_OBJC_ROOT_CLASS = YES_ERROR;
				CLANG_WARN_QUOTED_INCLUDE_IN_FRAMEWORK_HEADER = YES;
				CLANG_WARN_RANGE_LOOP_ANALYSIS = YES;
				CLANG_WARN_STRICT_PROTOTYPES = YES;
				CLANG_WARN_SUSPICIOUS_MOVE = YES;
				CLANG_WARN_UNGUARDED_AVAILABILITY = YES_AGGRESSIVE;
				CLANG_WARN_UNREACHABLE_CODE = YES;
				CLANG_WARN__DUPLICATE_METHOD_MATCH = YES;
				COPY_PHASE_STRIP = NO;
				DEBUG_INFORMATION_FORMAT = dwarf;
				ENABLE_STRICT_OBJC_MSGSEND = YES;
				ENABLE_TESTABILITY = YES;
				GCC_C_LANGUAGE_STANDARD = gnu11;
				GCC_DYNAMIC_NO_PIC = NO;
				GCC_NO_COMMON_BLOCKS = YES;
				GCC_OPTIMIZATION_LEVEL = 0;
				GCC_PREPROCESSOR_DEFINITIONS = (
					"DEBUG=1",
					"$(inherited)",
				);
				GCC_WARN_64_TO_32_BIT_CONVERSION = YES;
				GCC_WARN_ABOUT_RETURN_TYPE = YES_ERROR;
				GCC_WARN_UNDECLARED_SELECTOR = YES;
				GCC_WARN_UNINITIALIZED_AUTOS = YES_AGGRESSIVE;
				GCC_WARN_UNUSED_FUNCTION = YES;
				GCC_WARN_UNUSED_VARIABLE = YES;
				IPHONEOS_DEPLOYMENT_TARGET = 16.4;
				MTL_ENABLE_DEBUG_INFO = INCLUDE_SOURCE;
				MTL_FAST_MATH = YES;
				ONLY_ACTIVE_ARCH = YES;
				SDKROOT = iphoneos;
			};
			name = Debug;
		};
		D456DED12AB9FADA00B8DEA6 /* Release */ = {
			isa = XCBuildConfiguration;
			buildSettings = {
				ALWAYS_SEARCH_USER_PATHS = NO;
				CLANG_ANALYZER_NONNULL = YES;
				CLANG_ANALYZER_NUMBER_OBJECT_CONVERSION = YES_AGGRESSIVE;
				CLANG_CXX_LANGUAGE_STANDARD = "gnu++20";
				CLANG_ENABLE_MODULES = YES;
				CLANG_ENABLE_OBJC_ARC = YES;
				CLANG_ENABLE_OBJC_WEAK = YES;
				CLANG_WARN_BLOCK_CAPTURE_AUTORELEASING = YES;
				CLANG_WARN_BOOL_CONVERSION = YES;
				CLANG_WARN_COMMA = YES;
				CLANG_WARN_CONSTANT_CONVERSION = YES;
				CLANG_WARN_DEPRECATED_OBJC_IMPLEMENTATIONS = YES;
				CLANG_WARN_DIRECT_OBJC_ISA_USAGE = YES_ERROR;
				CLANG_WARN_DOCUMENTATION_COMMENTS = YES;
				CLANG_WARN_EMPTY_BODY = YES;
				CLANG_WARN_ENUM_CONVERSION = YES;
				CLANG_WARN_INFINITE_RECURSION = YES;
				CLANG_WARN_INT_CONVERSION = YES;
				CLANG_WARN_NON_LITERAL_NULL_CONVERSION = YES;
				CLANG_WARN_OBJC_IMPLICIT_RETAIN_SELF = YES;
				CLANG_WARN_OBJC_LITERAL_CONVERSION = YES;
				CLANG_WARN_OBJC_ROOT_CLASS = YES_ERROR;
				CLANG_WARN_QUOTED_INCLUDE_IN_FRAMEWORK_HEADER = YES;
				CLANG_WARN_RANGE_LOOP_ANALYSIS = YES;
				CLANG_WARN_STRICT_PROTOTYPES = YES;
				CLANG_WARN_SUSPICIOUS_MOVE = YES;
				CLANG_WARN_UNGUARDED_AVAILABILITY = YES_AGGRESSIVE;
				CLANG_WARN_UNREACHABLE_CODE = YES;
				CLANG_WARN__DUPLICATE_METHOD_MATCH = YES;
				COPY_PHASE_STRIP = NO;
				DEBUG_INFORMATION_FORMAT = "dwarf-with-dsym";
				ENABLE_NS_ASSERTIONS = NO;
				ENABLE_STRICT_OBJC_MSGSEND = YES;
				GCC_C_LANGUAGE_STANDARD = gnu11;
				GCC_NO_COMMON_BLOCKS = YES;
				GCC_WARN_64_TO_32_BIT_CONVERSION = YES;
				GCC_WARN_ABOUT_RETURN_TYPE = YES_ERROR;
				GCC_WARN_UNDECLARED_SELECTOR = YES;
				GCC_WARN_UNINITIALIZED_AUTOS = YES_AGGRESSIVE;
				GCC_WARN_UNUSED_FUNCTION = YES;
				GCC_WARN_UNUSED_VARIABLE = YES;
				IPHONEOS_DEPLOYMENT_TARGET = 16.4;
				MTL_ENABLE_DEBUG_INFO = NO;
				MTL_FAST_MATH = YES;
				SDKROOT = iphoneos;
				VALIDATE_PRODUCT = YES;
			};
			name = Release;
		};
		D456DED32AB9FADA00B8DEA6 /* Debug */ = {
			isa = XCBuildConfiguration;
			buildSettings = {
				ASSETCATALOG_COMPILER_APPICON_NAME = AppIcon;
				ASSETCATALOG_COMPILER_GLOBAL_ACCENT_COLOR_NAME = AccentColor;
				CODE_SIGN_STYLE = Automatic;
				CURRENT_PROJECT_VERSION = 1;
				GENERATE_INFOPLIST_FILE = YES;
				INFOPLIST_FILE = HwkSep19/Info.plist;
				INFOPLIST_KEY_UIApplicationSupportsIndirectInputEvents = YES;
				INFOPLIST_KEY_UILaunchStoryboardName = LaunchScreen;
				INFOPLIST_KEY_UIMainStoryboardFile = Main;
				INFOPLIST_KEY_UISupportedInterfaceOrientations_iPad = "UIInterfaceOrientationPortrait UIInterfaceOrientationPortraitUpsideDown UIInterfaceOrientationLandscapeLeft UIInterfaceOrientationLandscapeRight";
				INFOPLIST_KEY_UISupportedInterfaceOrientations_iPhone = "UIInterfaceOrientationPortrait UIInterfaceOrientationLandscapeLeft UIInterfaceOrientationLandscapeRight";
				LD_RUNPATH_SEARCH_PATHS = (
					"$(inherited)",
					"@executable_path/Frameworks",
				);
				MARKETING_VERSION = 1.0;
				PRODUCT_BUNDLE_IDENTIFIER = ca.senecacollege.Project.HwkSep19;
				PRODUCT_NAME = "$(TARGET_NAME)";
				SWIFT_EMIT_LOC_STRINGS = YES;
				TARGETED_DEVICE_FAMILY = "1,2";
			};
			name = Debug;
		};
		D456DED42AB9FADA00B8DEA6 /* Release */ = {
			isa = XCBuildConfiguration;
			buildSettings = {
				ASSETCATALOG_COMPILER_APPICON_NAME = AppIcon;
				ASSETCATALOG_COMPILER_GLOBAL_ACCENT_COLOR_NAME = AccentColor;
				CODE_SIGN_STYLE = Automatic;
				CURRENT_PROJECT_VERSION = 1;
				GENERATE_INFOPLIST_FILE = YES;
				INFOPLIST_FILE = HwkSep19/Info.plist;
				INFOPLIST_KEY_UIApplicationSupportsIndirectInputEvents = YES;
				INFOPLIST_KEY_UILaunchStoryboardName = LaunchScreen;
				INFOPLIST_KEY_UIMainStoryboardFile = Main;
				INFOPLIST_KEY_UISupportedInterfaceOrientations_iPad = "UIInterfaceOrientationPortrait UIInterfaceOrientationPortraitUpsideDown UIInterfaceOrientationLandscapeLeft UIInterfaceOrientationLandscapeRight";
				INFOPLIST_KEY_UISupportedInterfaceOrientations_iPhone = "UIInterfaceOrientationPortrait UIInterfaceOrientationLandscapeLeft UIInterfaceOrientationLandscapeRight";
				LD_RUNPATH_SEARCH_PATHS = (
					"$(inherited)",
					"@executable_path/Frameworks",
				);
				MARKETING_VERSION = 1.0;
				PRODUCT_BUNDLE_IDENTIFIER = ca.senecacollege.Project.HwkSep19;
				PRODUCT_NAME = "$(TARGET_NAME)";
				SWIFT_EMIT_LOC_STRINGS = YES;
				TARGETED_DEVICE_FAMILY = "1,2";
			};
			name = Release;
		};
/* End XCBuildConfiguration section */

/* Begin XCConfigurationList section */
		D456DEB42AB9FAD900B8DEA6 /* Build configuration list for PBXProject "HwkSep19" */ = {
			isa = XCConfigurationList;
			buildConfigurations = (
				D456DED02AB9FADA00B8DEA6 /* Debug */,
				D456DED12AB9FADA00B8DEA6 /* Release */,
			);
			defaultConfigurationIsVisible = 0;
			defaultConfigurationName = Release;
		};
		D456DED22AB9FADA00B8DEA6 /* Build configuration list for PBXNativeTarget "HwkSep19" */ = {
			isa = XCConfigurationList;
			buildConfigurations = (
				D456DED32AB9FADA00B8DEA6 /* Debug */,
				D456DED42AB9FADA00B8DEA6 /* Release */,
			);
			defaultConfigurationIsVisible = 0;
			defaultConfigurationName = Release;
		};
/* End XCConfigurationList section */
	};
	rootObject = D456DEB12AB9FAD900B8DEA6 /* Project object */;
}
