// !$*UTF8*$!
{
	archiveVersion = 1;
	classes = {
	};
	objectVersion = 56;
	objects = {

/* Begin PBXBuildFile section */
		D4E3E8EC2AC5BCB200239273 /* AppDelegate.m in Sources */ = {isa = PBXBuildFile; fileRef = D4E3E8EB2AC5BCB200239273 /* AppDelegate.m */; };
		D4E3E8EF2AC5BCB200239273 /* SceneDelegate.m in Sources */ = {isa = PBXBuildFile; fileRef = D4E3E8EE2AC5BCB200239273 /* SceneDelegate.m */; };
		D4E3E8F22AC5BCB200239273 /* ViewController.m in Sources */ = {isa = PBXBuildFile; fileRef = D4E3E8F12AC5BCB200239273 /* ViewController.m */; };
		D4E3E8F52AC5BCB200239273 /* Main.storyboard in Resources */ = {isa = PBXBuildFile; fileRef = D4E3E8F32AC5BCB200239273 /* Main.storyboard */; };
		D4E3E8F72AC5BCB300239273 /* Assets.xcassets in Resources */ = {isa = PBXBuildFile; fileRef = D4E3E8F62AC5BCB300239273 /* Assets.xcassets */; };
		D4E3E8FA2AC5BCB300239273 /* LaunchScreen.storyboard in Resources */ = {isa = PBXBuildFile; fileRef = D4E3E8F82AC5BCB300239273 /* LaunchScreen.storyboard */; };
		D4E3E8FD2AC5BCB300239273 /* main.m in Sources */ = {isa = PBXBuildFile; fileRef = D4E3E8FC2AC5BCB300239273 /* main.m */; };
		D4E3E9052AC5D9E400239273 /* Item.m in Sources */ = {isa = PBXBuildFile; fileRef = D4E3E9042AC5D9E400239273 /* Item.m */; };
		D4E3E9082AC5D9FC00239273 /* Store.m in Sources */ = {isa = PBXBuildFile; fileRef = D4E3E9072AC5D9FC00239273 /* Store.m */; };
/* End PBXBuildFile section */

/* Begin PBXFileReference section */
		D4E3E8E72AC5BCB200239273 /* iOS-Lab3.app */ = {isa = PBXFileReference; explicitFileType = wrapper.application; includeInIndex = 0; path = "iOS-Lab3.app"; sourceTree = BUILT_PRODUCTS_DIR; };
		D4E3E8EA2AC5BCB200239273 /* AppDelegate.h */ = {isa = PBXFileReference; lastKnownFileType = sourcecode.c.h; path = AppDelegate.h; sourceTree = "<group>"; };
		D4E3E8EB2AC5BCB200239273 /* AppDelegate.m */ = {isa = PBXFileReference; lastKnownFileType = sourcecode.c.objc; path = AppDelegate.m; sourceTree = "<group>"; };
		D4E3E8ED2AC5BCB200239273 /* SceneDelegate.h */ = {isa = PBXFileReference; lastKnownFileType = sourcecode.c.h; path = SceneDelegate.h; sourceTree = "<group>"; };
		D4E3E8EE2AC5BCB200239273 /* SceneDelegate.m */ = {isa = PBXFileReference; lastKnownFileType = sourcecode.c.objc; path = SceneDelegate.m; sourceTree = "<group>"; };
		D4E3E8F02AC5BCB200239273 /* ViewController.h */ = {isa = PBXFileReference; lastKnownFileType = sourcecode.c.h; path = ViewController.h; sourceTree = "<group>"; };
		D4E3E8F12AC5BCB200239273 /* ViewController.m */ = {isa = PBXFileReference; lastKnownFileType = sourcecode.c.objc; path = ViewController.m; sourceTree = "<group>"; };
		D4E3E8F42AC5BCB200239273 /* Base */ = {isa = PBXFileReference; lastKnownFileType = file.storyboard; name = Base; path = Base.lproj/Main.storyboard; sourceTree = "<group>"; };
		D4E3E8F62AC5BCB300239273 /* Assets.xcassets */ = {isa = PBXFileReference; lastKnownFileType = folder.assetcatalog; path = Assets.xcassets; sourceTree = "<group>"; };
		D4E3E8F92AC5BCB300239273 /* Base */ = {isa = PBXFileReference; lastKnownFileType = file.storyboard; name = Base; path = Base.lproj/LaunchScreen.storyboard; sourceTree = "<group>"; };
		D4E3E8FB2AC5BCB300239273 /* Info.plist */ = {isa = PBXFileReference; lastKnownFileType = text.plist.xml; path = Info.plist; sourceTree = "<group>"; };
		D4E3E8FC2AC5BCB300239273 /* main.m */ = {isa = PBXFileReference; lastKnownFileType = sourcecode.c.objc; path = main.m; sourceTree = "<group>"; };
		D4E3E9032AC5D9E400239273 /* Item.h */ = {isa = PBXFileReference; lastKnownFileType = sourcecode.c.h; path = Item.h; sourceTree = "<group>"; };
		D4E3E9042AC5D9E400239273 /* Item.m */ = {isa = PBXFileReference; lastKnownFileType = sourcecode.c.objc; path = Item.m; sourceTree = "<group>"; };
		D4E3E9062AC5D9FC00239273 /* Store.h */ = {isa = PBXFileReference; lastKnownFileType = sourcecode.c.h; path = Store.h; sourceTree = "<group>"; };
		D4E3E9072AC5D9FC00239273 /* Store.m */ = {isa = PBXFileReference; lastKnownFileType = sourcecode.c.objc; path = Store.m; sourceTree = "<group>"; };
/* End PBXFileReference section */

/* Begin PBXFrameworksBuildPhase section */
		D4E3E8E42AC5BCB200239273 /* Frameworks */ = {
			isa = PBXFrameworksBuildPhase;
			buildActionMask = 2147483647;
			files = (
			);
			runOnlyForDeploymentPostprocessing = 0;
		};
/* End PBXFrameworksBuildPhase section */

/* Begin PBXGroup section */
		D4E3E8DE2AC5BCB200239273 = {
			isa = PBXGroup;
			children = (
				D4E3E8E92AC5BCB200239273 /* iOS-Lab3 */,
				D4E3E8E82AC5BCB200239273 /* Products */,
			);
			sourceTree = "<group>";
		};
		D4E3E8E82AC5BCB200239273 /* Products */ = {
			isa = PBXGroup;
			children = (
				D4E3E8E72AC5BCB200239273 /* iOS-Lab3.app */,
			);
			name = Products;
			sourceTree = "<group>";
		};
		D4E3E8E92AC5BCB200239273 /* iOS-Lab3 */ = {
			isa = PBXGroup;
			children = (
				D4E3E9092AC64C2900239273 /* Model */,
				D4E3E8EA2AC5BCB200239273 /* AppDelegate.h */,
				D4E3E8EB2AC5BCB200239273 /* AppDelegate.m */,
				D4E3E8ED2AC5BCB200239273 /* SceneDelegate.h */,
				D4E3E8EE2AC5BCB200239273 /* SceneDelegate.m */,
				D4E3E8F02AC5BCB200239273 /* ViewController.h */,
				D4E3E8F12AC5BCB200239273 /* ViewController.m */,
				D4E3E8F32AC5BCB200239273 /* Main.storyboard */,
				D4E3E8F62AC5BCB300239273 /* Assets.xcassets */,
				D4E3E8F82AC5BCB300239273 /* LaunchScreen.storyboard */,
				D4E3E8FB2AC5BCB300239273 /* Info.plist */,
				D4E3E8FC2AC5BCB300239273 /* main.m */,
			);
			path = "iOS-Lab3";
			sourceTree = "<group>";
		};
		D4E3E9092AC64C2900239273 /* Model */ = {
			isa = PBXGroup;
			children = (
				D4E3E9032AC5D9E400239273 /* Item.h */,
				D4E3E9042AC5D9E400239273 /* Item.m */,
				D4E3E9062AC5D9FC00239273 /* Store.h */,
				D4E3E9072AC5D9FC00239273 /* Store.m */,
			);
			path = Model;
			sourceTree = "<group>";
		};
/* End PBXGroup section */

/* Begin PBXNativeTarget section */
		D4E3E8E62AC5BCB200239273 /* iOS-Lab3 */ = {
			isa = PBXNativeTarget;
			buildConfigurationList = D4E3E9002AC5BCB300239273 /* Build configuration list for PBXNativeTarget "iOS-Lab3" */;
			buildPhases = (
				D4E3E8E32AC5BCB200239273 /* Sources */,
				D4E3E8E42AC5BCB200239273 /* Frameworks */,
				D4E3E8E52AC5BCB200239273 /* Resources */,
			);
			buildRules = (
			);
			dependencies = (
			);
			name = "iOS-Lab3";
			productName = "iOS-Lab3";
			productReference = D4E3E8E72AC5BCB200239273 /* iOS-Lab3.app */;
			productType = "com.apple.product-type.application";
		};
/* End PBXNativeTarget section */

/* Begin PBXProject section */
		D4E3E8DF2AC5BCB200239273 /* Project object */ = {
			isa = PBXProject;
			attributes = {
				BuildIndependentTargetsInParallel = 1;
				LastUpgradeCheck = 1430;
				TargetAttributes = {
					D4E3E8E62AC5BCB200239273 = {
						CreatedOnToolsVersion = 14.3.1;
					};
				};
			};
			buildConfigurationList = D4E3E8E22AC5BCB200239273 /* Build configuration list for PBXProject "iOS-Lab3" */;
			compatibilityVersion = "Xcode 14.0";
			developmentRegion = en;
			hasScannedForEncodings = 0;
			knownRegions = (
				en,
				Base,
			);
			mainGroup = D4E3E8DE2AC5BCB200239273;
			productRefGroup = D4E3E8E82AC5BCB200239273 /* Products */;
			projectDirPath = "";
			projectRoot = "";
			targets = (
				D4E3E8E62AC5BCB200239273 /* iOS-Lab3 */,
			);
		};
/* End PBXProject section */

/* Begin PBXResourcesBuildPhase section */
		D4E3E8E52AC5BCB200239273 /* Resources */ = {
			isa = PBXResourcesBuildPhase;
			buildActionMask = 2147483647;
			files = (
				D4E3E8FA2AC5BCB300239273 /* LaunchScreen.storyboard in Resources */,
				D4E3E8F72AC5BCB300239273 /* Assets.xcassets in Resources */,
				D4E3E8F52AC5BCB200239273 /* Main.storyboard in Resources */,
			);
			runOnlyForDeploymentPostprocessing = 0;
		};
/* End PBXResourcesBuildPhase section */

/* Begin PBXSourcesBuildPhase section */
		D4E3E8E32AC5BCB200239273 /* Sources */ = {
			isa = PBXSourcesBuildPhase;
			buildActionMask = 2147483647;
			files = (
				D4E3E9052AC5D9E400239273 /* Item.m in Sources */,
				D4E3E8F22AC5BCB200239273 /* ViewController.m in Sources */,
				D4E3E8EC2AC5BCB200239273 /* AppDelegate.m in Sources */,
				D4E3E9082AC5D9FC00239273 /* Store.m in Sources */,
				D4E3E8FD2AC5BCB300239273 /* main.m in Sources */,
				D4E3E8EF2AC5BCB200239273 /* SceneDelegate.m in Sources */,
			);
			runOnlyForDeploymentPostprocessing = 0;
		};
/* End PBXSourcesBuildPhase section */

/* Begin PBXVariantGroup section */
		D4E3E8F32AC5BCB200239273 /* Main.storyboard */ = {
			isa = PBXVariantGroup;
			children = (
				D4E3E8F42AC5BCB200239273 /* Base */,
			);
			name = Main.storyboard;
			sourceTree = "<group>";
		};
		D4E3E8F82AC5BCB300239273 /* LaunchScreen.storyboard */ = {
			isa = PBXVariantGroup;
			children = (
				D4E3E8F92AC5BCB300239273 /* Base */,
			);
			name = LaunchScreen.storyboard;
			sourceTree = "<group>";
		};
/* End PBXVariantGroup section */

/* Begin XCBuildConfiguration section */
		D4E3E8FE2AC5BCB300239273 /* Debug */ = {
			isa = XCBuildConfiguration;
			buildSettings = {
				ALWAYS_SEARCH_USER_PATHS = NO;
				CLANG_ANALYZER_NONNULL = YES;
				CLANG_ANALYZER_NUMBER_OBJECT_CONVERSION = YES_AGGRESSIVE;
				CLANG_CXX_LANGUAGE_STANDARD = "gnu++20";
				CLANG_ENABLE_MODULES = YES;
				CLANG_ENABLE_OBJC_ARC = YES;
				CLANG_ENABLE_OBJC_WEAK = YES;
				CLANG_WARN_BLOCK_CAPTURE_AUTORELEASING = YES;
				CLANG_WARN_BOOL_CONVERSION = YES;
				CLANG_WARN_COMMA = YES;
				CLANG_WARN_CONSTANT_CONVERSION = YES;
				CLANG_WARN_DEPRECATED_OBJC_IMPLEMENTATIONS = YES;
				CLANG_WARN_DIRECT_OBJC_ISA_USAGE = YES_ERROR;
				CLANG_WARN_DOCUMENTATION_COMMENTS = YES;
				CLANG_WARN_EMPTY_BODY = YES;
				CLANG_WARN_ENUM_CONVERSION = YES;
				CLANG_WARN_INFINITE_RECURSION = YES;
				CLANG_WARN_INT_CONVERSION = YES;
				CLANG_WARN_NON_LITERAL_NULL_CONVERSION = YES;
				CLANG_WARN_OBJC_IMPLICIT_RETAIN_SELF = YES;
				CLANG_WARN_OBJC_LITERAL_CONVERSION = YES;
				CLANG_WARN_OBJC_ROOT_CLASS = YES_ERROR;
				CLANG_WARN_QUOTED_INCLUDE_IN_FRAMEWORK_HEADER = YES;
				CLANG_WARN_RANGE_LOOP_ANALYSIS = YES;
				CLANG_WARN_STRICT_PROTOTYPES = YES;
				CLANG_WARN_SUSPICIOUS_MOVE = YES;
				CLANG_WARN_UNGUARDED_AVAILABILITY = YES_AGGRESSIVE;
				CLANG_WARN_UNREACHABLE_CODE = YES;
				CLANG_WARN__DUPLICATE_METHOD_MATCH = YES;
				COPY_PHASE_STRIP = NO;
				DEBUG_INFORMATION_FORMAT = dwarf;
				ENABLE_STRICT_OBJC_MSGSEND = YES;
				ENABLE_TESTABILITY = YES;
				GCC_C_LANGUAGE_STANDARD = gnu11;
				GCC_DYNAMIC_NO_PIC = NO;
				GCC_NO_COMMON_BLOCKS = YES;
				GCC_OPTIMIZATION_LEVEL = 0;
				GCC_PREPROCESSOR_DEFINITIONS = (
					"DEBUG=1",
					"$(inherited)",
				);
				GCC_WARN_64_TO_32_BIT_CONVERSION = YES;
				GCC_WARN_ABOUT_RETURN_TYPE = YES_ERROR;
				GCC_WARN_UNDECLARED_SELECTOR = YES;
				GCC_WARN_UNINITIALIZED_AUTOS = YES_AGGRESSIVE;
				GCC_WARN_UNUSED_FUNCTION = YES;
				GCC_WARN_UNUSED_VARIABLE = YES;
				IPHONEOS_DEPLOYMENT_TARGET = 16.4;
				MTL_ENABLE_DEBUG_INFO = INCLUDE_SOURCE;
				MTL_FAST_MATH = YES;
				ONLY_ACTIVE_ARCH = YES;
				SDKROOT = iphoneos;
			};
			name = Debug;
		};
		D4E3E8FF2AC5BCB300239273 /* Release */ = {
			isa = XCBuildConfiguration;
			buildSettings = {
				ALWAYS_SEARCH_USER_PATHS = NO;
				CLANG_ANALYZER_NONNULL = YES;
				CLANG_ANALYZER_NUMBER_OBJECT_CONVERSION = YES_AGGRESSIVE;
				CLANG_CXX_LANGUAGE_STANDARD = "gnu++20";
				CLANG_ENABLE_MODULES = YES;
				CLANG_ENABLE_OBJC_ARC = YES;
				CLANG_ENABLE_OBJC_WEAK = YES;
				CLANG_WARN_BLOCK_CAPTURE_AUTORELEASING = YES;
				CLANG_WARN_BOOL_CONVERSION = YES;
				CLANG_WARN_COMMA = YES;
				CLANG_WARN_CONSTANT_CONVERSION = YES;
				CLANG_WARN_DEPRECATED_OBJC_IMPLEMENTATIONS = YES;
				CLANG_WARN_DIRECT_OBJC_ISA_USAGE = YES_ERROR;
				CLANG_WARN_DOCUMENTATION_COMMENTS = YES;
				CLANG_WARN_EMPTY_BODY = YES;
				CLANG_WARN_ENUM_CONVERSION = YES;
				CLANG_WARN_INFINITE_RECURSION = YES;
				CLANG_WARN_INT_CONVERSION = YES;
				CLANG_WARN_NON_LITERAL_NULL_CONVERSION = YES;
				CLANG_WARN_OBJC_IMPLICIT_RETAIN_SELF = YES;
				CLANG_WARN_OBJC_LITERAL_CONVERSION = YES;
				CLANG_WARN_OBJC_ROOT_CLASS = YES_ERROR;
				CLANG_WARN_QUOTED_INCLUDE_IN_FRAMEWORK_HEADER = YES;
				CLANG_WARN_RANGE_LOOP_ANALYSIS = YES;
				CLANG_WARN_STRICT_PROTOTYPES = YES;
				CLANG_WARN_SUSPICIOUS_MOVE = YES;
				CLANG_WARN_UNGUARDED_AVAILABILITY = YES_AGGRESSIVE;
				CLANG_WARN_UNREACHABLE_CODE = YES;
				CLANG_WARN__DUPLICATE_METHOD_MATCH = YES;
				COPY_PHASE_STRIP = NO;
				DEBUG_INFORMATION_FORMAT = "dwarf-with-dsym";
				ENABLE_NS_ASSERTIONS = NO;
				ENABLE_STRICT_OBJC_MSGSEND = YES;
				GCC_C_LANGUAGE_STANDARD = gnu11;
				GCC_NO_COMMON_BLOCKS = YES;
				GCC_WARN_64_TO_32_BIT_CONVERSION = YES;
				GCC_WARN_ABOUT_RETURN_TYPE = YES_ERROR;
				GCC_WARN_UNDECLARED_SELECTOR = YES;
				GCC_WARN_UNINITIALIZED_AUTOS = YES_AGGRESSIVE;
				GCC_WARN_UNUSED_FUNCTION = YES;
				GCC_WARN_UNUSED_VARIABLE = YES;
				IPHONEOS_DEPLOYMENT_TARGET = 16.4;
				MTL_ENABLE_DEBUG_INFO = NO;
				MTL_FAST_MATH = YES;
				SDKROOT = iphoneos;
				VALIDATE_PRODUCT = YES;
			};
			name = Release;
		};
		D4E3E9012AC5BCB300239273 /* Debug */ = {
			isa = XCBuildConfiguration;
			buildSettings = {
				ASSETCATALOG_COMPILER_APPICON_NAME = AppIcon;
				ASSETCATALOG_COMPILER_GLOBAL_ACCENT_COLOR_NAME = AccentColor;
				CODE_SIGN_IDENTITY = "iPhone Developer";
				CODE_SIGN_STYLE = Automatic;
				CURRENT_PROJECT_VERSION = 1;
				DEVELOPMENT_TEAM = "";
				"DEVELOPMENT_TEAM[sdk=*]" = "";
				GENERATE_INFOPLIST_FILE = YES;
				INFOPLIST_FILE = "iOS-Lab3/Info.plist";
				INFOPLIST_KEY_UIApplicationSupportsIndirectInputEvents = YES;
				INFOPLIST_KEY_UILaunchStoryboardName = LaunchScreen;
				INFOPLIST_KEY_UIMainStoryboardFile = Main;
				INFOPLIST_KEY_UISupportedInterfaceOrientations_iPad = "UIInterfaceOrientationPortrait UIInterfaceOrientationPortraitUpsideDown UIInterfaceOrientationLandscapeLeft UIInterfaceOrientationLandscapeRight";
				INFOPLIST_KEY_UISupportedInterfaceOrientations_iPhone = "UIInterfaceOrientationPortrait UIInterfaceOrientationLandscapeLeft UIInterfaceOrientationLandscapeRight";
				LD_RUNPATH_SEARCH_PATHS = (
					"$(inherited)",
					"@executable_path/Frameworks",
				);
				MARKETING_VERSION = 1.0;
				PRODUCT_BUNDLE_IDENTIFIER = "ca.senecacollege.Project.iOS-Lab3";
				PRODUCT_NAME = "$(TARGET_NAME)";
				PROVISIONING_PROFILE_SPECIFIER = "";
				SWIFT_EMIT_LOC_STRINGS = YES;
				TARGETED_DEVICE_FAMILY = 1;
			};
			name = Debug;
		};
		D4E3E9022AC5BCB300239273 /* Release */ = {
			isa = XCBuildConfiguration;
			buildSettings = {
				ASSETCATALOG_COMPILER_APPICON_NAME = AppIcon;
				ASSETCATALOG_COMPILER_GLOBAL_ACCENT_COLOR_NAME = AccentColor;
				CODE_SIGN_IDENTITY = "iPhone Developer";
				CODE_SIGN_STYLE = Automatic;
				CURRENT_PROJECT_VERSION = 1;
				DEVELOPMENT_TEAM = "";
				GENERATE_INFOPLIST_FILE = YES;
				INFOPLIST_FILE = "iOS-Lab3/Info.plist";
				INFOPLIST_KEY_UIApplicationSupportsIndirectInputEvents = YES;
				INFOPLIST_KEY_UILaunchStoryboardName = LaunchScreen;
				INFOPLIST_KEY_UIMainStoryboardFile = Main;
				INFOPLIST_KEY_UISupportedInterfaceOrientations_iPad = "UIInterfaceOrientationPortrait UIInterfaceOrientationPortraitUpsideDown UIInterfaceOrientationLandscapeLeft UIInterfaceOrientationLandscapeRight";
				INFOPLIST_KEY_UISupportedInterfaceOrientations_iPhone = "UIInterfaceOrientationPortrait UIInterfaceOrientationLandscapeLeft UIInterfaceOrientationLandscapeRight";
				LD_RUNPATH_SEARCH_PATHS = (
					"$(inherited)",
					"@executable_path/Frameworks",
				);
				MARKETING_VERSION = 1.0;
				PRODUCT_BUNDLE_IDENTIFIER = "ca.senecacollege.Project.iOS-Lab3";
				PRODUCT_NAME = "$(TARGET_NAME)";
				PROVISIONING_PROFILE_SPECIFIER = "";
				SWIFT_EMIT_LOC_STRINGS = YES;
				TARGETED_DEVICE_FAMILY = 1;
			};
			name = Release;
		};
/* End XCBuildConfiguration section */

/* Begin XCConfigurationList section */
		D4E3E8E22AC5BCB200239273 /* Build configuration list for PBXProject "iOS-Lab3" */ = {
			isa = XCConfigurationList;
			buildConfigurations = (
				D4E3E8FE2AC5BCB300239273 /* Debug */,
				D4E3E8FF2AC5BCB300239273 /* Release */,
			);
			defaultConfigurationIsVisible = 0;
			defaultConfigurationName = Release;
		};
		D4E3E9002AC5BCB300239273 /* Build configuration list for PBXNativeTarget "iOS-Lab3" */ = {
			isa = XCConfigurationList;
			buildConfigurations = (
				D4E3E9012AC5BCB300239273 /* Debug */,
				D4E3E9022AC5BCB300239273 /* Release */,
			);
			defaultConfigurationIsVisible = 0;
			defaultConfigurationName = Release;
		};
/* End XCConfigurationList section */
	};
	rootObject = D4E3E8DF2AC5BCB200239273 /* Project object */;
}
