// !$*UTF8*$!
{
	archiveVersion = 1;
	classes = {
	};
	objectVersion = 56;
	objects = {

/* Begin PBXBuildFile section */
		D49E57312ACC990F00CA7415 /* ViewController.m in Sources */ = {isa = PBXBuildFile; fileRef = D49E57302ACC990F00CA7415 /* ViewController.m */; };
		D4E293B12ABE1CE900BA89E5 /* AppDelegate.m in Sources */ = {isa = PBXBuildFile; fileRef = D4E293B02ABE1CE900BA89E5 /* AppDelegate.m */; };
		D4E293B42ABE1CE900BA89E5 /* SceneDelegate.m in Sources */ = {isa = PBXBuildFile; fileRef = D4E293B32ABE1CE900BA89E5 /* SceneDelegate.m */; };
		D4E293BA2ABE1CE900BA89E5 /* Main.storyboard in Resources */ = {isa = PBXBuildFile; fileRef = D4E293B82ABE1CE900BA89E5 /* Main.storyboard */; };
		D4E293BC2ABE1CEE00BA89E5 /* Assets.xcassets in Resources */ = {isa = PBXBuildFile; fileRef = D4E293BB2ABE1CEE00BA89E5 /* Assets.xcassets */; };
		D4E293BF2ABE1CEE00BA89E5 /* LaunchScreen.storyboard in Resources */ = {isa = PBXBuildFile; fileRef = D4E293BD2ABE1CEE00BA89E5 /* LaunchScreen.storyboard */; };
		D4E293C22ABE1CEE00BA89E5 /* main.m in Sources */ = {isa = PBXBuildFile; fileRef = D4E293C12ABE1CEE00BA89E5 /* main.m */; };
		D4E293CB2ABE1D3700BA89E5 /* CalBrain.m in Sources */ = {isa = PBXBuildFile; fileRef = D4E293CA2ABE1D3700BA89E5 /* CalBrain.m */; };
/* End PBXBuildFile section */

/* Begin PBXFileReference section */
		D49E57302ACC990F00CA7415 /* ViewController.m */ = {isa = PBXFileReference; fileEncoding = 4; lastKnownFileType = sourcecode.c.objc; path = ViewController.m; sourceTree = "<group>"; };
		D4E293AC2ABE1CE900BA89E5 /* iOS-Lab-2.app */ = {isa = PBXFileReference; explicitFileType = wrapper.application; includeInIndex = 0; path = "iOS-Lab-2.app"; sourceTree = BUILT_PRODUCTS_DIR; };
		D4E293AF2ABE1CE900BA89E5 /* AppDelegate.h */ = {isa = PBXFileReference; lastKnownFileType = sourcecode.c.h; path = AppDelegate.h; sourceTree = "<group>"; };
		D4E293B02ABE1CE900BA89E5 /* AppDelegate.m */ = {isa = PBXFileReference; lastKnownFileType = sourcecode.c.objc; path = AppDelegate.m; sourceTree = "<group>"; };
		D4E293B22ABE1CE900BA89E5 /* SceneDelegate.h */ = {isa = PBXFileReference; lastKnownFileType = sourcecode.c.h; path = SceneDelegate.h; sourceTree = "<group>"; };
		D4E293B32ABE1CE900BA89E5 /* SceneDelegate.m */ = {isa = PBXFileReference; lastKnownFileType = sourcecode.c.objc; path = SceneDelegate.m; sourceTree = "<group>"; };
		D4E293B52ABE1CE900BA89E5 /* ViewController.h */ = {isa = PBXFileReference; lastKnownFileType = sourcecode.c.h; path = ViewController.h; sourceTree = "<group>"; };
		D4E293B92ABE1CE900BA89E5 /* Base */ = {isa = PBXFileReference; lastKnownFileType = file.storyboard; name = Base; path = Base.lproj/Main.storyboard; sourceTree = "<group>"; };
		D4E293BB2ABE1CEE00BA89E5 /* Assets.xcassets */ = {isa = PBXFileReference; lastKnownFileType = folder.assetcatalog; path = Assets.xcassets; sourceTree = "<group>"; };
		D4E293BE2ABE1CEE00BA89E5 /* Base */ = {isa = PBXFileReference; lastKnownFileType = file.storyboard; name = Base; path = Base.lproj/LaunchScreen.storyboard; sourceTree = "<group>"; };
		D4E293C02ABE1CEE00BA89E5 /* Info.plist */ = {isa = PBXFileReference; lastKnownFileType = text.plist.xml; path = Info.plist; sourceTree = "<group>"; };
		D4E293C12ABE1CEE00BA89E5 /* main.m */ = {isa = PBXFileReference; lastKnownFileType = sourcecode.c.objc; path = main.m; sourceTree = "<group>"; };
		D4E293C92ABE1D3600BA89E5 /* CalBrain.h */ = {isa = PBXFileReference; fileEncoding = 4; lastKnownFileType = sourcecode.c.h; path = CalBrain.h; sourceTree = "<group>"; };
		D4E293CA2ABE1D3700BA89E5 /* CalBrain.m */ = {isa = PBXFileReference; fileEncoding = 4; lastKnownFileType = sourcecode.c.objc; path = CalBrain.m; sourceTree = "<group>"; };
/* End PBXFileReference section */

/* Begin PBXFrameworksBuildPhase section */
		D4E293A92ABE1CE900BA89E5 /* Frameworks */ = {
			isa = PBXFrameworksBuildPhase;
			buildActionMask = 2147483647;
			files = (
			);
			runOnlyForDeploymentPostprocessing = 0;
		};
/* End PBXFrameworksBuildPhase section */

/* Begin PBXGroup section */
		D4E293A32ABE1CE900BA89E5 = {
			isa = PBXGroup;
			children = (
				D4E293AE2ABE1CE900BA89E5 /* iOS-Lab-2 */,
				D4E293AD2ABE1CE900BA89E5 /* Products */,
			);
			sourceTree = "<group>";
		};
		D4E293AD2ABE1CE900BA89E5 /* Products */ = {
			isa = PBXGroup;
			children = (
				D4E293AC2ABE1CE900BA89E5 /* iOS-Lab-2.app */,
			);
			name = Products;
			sourceTree = "<group>";
		};
		D4E293AE2ABE1CE900BA89E5 /* iOS-Lab-2 */ = {
			isa = PBXGroup;
			children = (
				D4E293C82ABE1CF600BA89E5 /* Model */,
				D4E293AF2ABE1CE900BA89E5 /* AppDelegate.h */,
				D4E293B02ABE1CE900BA89E5 /* AppDelegate.m */,
				D4E293B22ABE1CE900BA89E5 /* SceneDelegate.h */,
				D4E293B32ABE1CE900BA89E5 /* SceneDelegate.m */,
				D4E293B52ABE1CE900BA89E5 /* ViewController.h */,
				D49E57302ACC990F00CA7415 /* ViewController.m */,
				D4E293B82ABE1CE900BA89E5 /* Main.storyboard */,
				D4E293BB2ABE1CEE00BA89E5 /* Assets.xcassets */,
				D4E293BD2ABE1CEE00BA89E5 /* LaunchScreen.storyboard */,
				D4E293C02ABE1CEE00BA89E5 /* Info.plist */,
				D4E293C12ABE1CEE00BA89E5 /* main.m */,
			);
			path = "iOS-Lab-2";
			sourceTree = "<group>";
		};
		D4E293C82ABE1CF600BA89E5 /* Model */ = {
			isa = PBXGroup;
			children = (
				D4E293C92ABE1D3600BA89E5 /* CalBrain.h */,
				D4E293CA2ABE1D3700BA89E5 /* CalBrain.m */,
			);
			path = Model;
			sourceTree = "<group>";
		};
/* End PBXGroup section */

/* Begin PBXNativeTarget section */
		D4E293AB2ABE1CE900BA89E5 /* iOS-Lab-2 */ = {
			isa = PBXNativeTarget;
			buildConfigurationList = D4E293C52ABE1CEE00BA89E5 /* Build configuration list for PBXNativeTarget "iOS-Lab-2" */;
			buildPhases = (
				D4E293A82ABE1CE900BA89E5 /* Sources */,
				D4E293A92ABE1CE900BA89E5 /* Frameworks */,
				D4E293AA2ABE1CE900BA89E5 /* Resources */,
			);
			buildRules = (
			);
			dependencies = (
			);
			name = "iOS-Lab-2";
			productName = "iOS-Lab-2";
			productReference = D4E293AC2ABE1CE900BA89E5 /* iOS-Lab-2.app */;
			productType = "com.apple.product-type.application";
		};
/* End PBXNativeTarget section */

/* Begin PBXProject section */
		D4E293A42ABE1CE900BA89E5 /* Project object */ = {
			isa = PBXProject;
			attributes = {
				BuildIndependentTargetsInParallel = 1;
				LastUpgradeCheck = 1410;
				TargetAttributes = {
					D4E293AB2ABE1CE900BA89E5 = {
						CreatedOnToolsVersion = 14.1;
					};
				};
			};
			buildConfigurationList = D4E293A72ABE1CE900BA89E5 /* Build configuration list for PBXProject "iOS-Lab-2" */;
			compatibilityVersion = "Xcode 14.0";
			developmentRegion = en;
			hasScannedForEncodings = 0;
			knownRegions = (
				en,
				Base,
			);
			mainGroup = D4E293A32ABE1CE900BA89E5;
			productRefGroup = D4E293AD2ABE1CE900BA89E5 /* Products */;
			projectDirPath = "";
			projectRoot = "";
			targets = (
				D4E293AB2ABE1CE900BA89E5 /* iOS-Lab-2 */,
			);
		};
/* End PBXProject section */

/* Begin PBXResourcesBuildPhase section */
		D4E293AA2ABE1CE900BA89E5 /* Resources */ = {
			isa = PBXResourcesBuildPhase;
			buildActionMask = 2147483647;
			files = (
				D4E293BF2ABE1CEE00BA89E5 /* LaunchScreen.storyboard in Resources */,
				D4E293BC2ABE1CEE00BA89E5 /* Assets.xcassets in Resources */,
				D4E293BA2ABE1CE900BA89E5 /* Main.storyboard in Resources */,
			);
			runOnlyForDeploymentPostprocessing = 0;
		};
/* End PBXResourcesBuildPhase section */

/* Begin PBXSourcesBuildPhase section */
		D4E293A82ABE1CE900BA89E5 /* Sources */ = {
			isa = PBXSourcesBuildPhase;
			buildActionMask = 2147483647;
			files = (
				D49E57312ACC990F00CA7415 /* ViewController.m in Sources */,
				D4E293B12ABE1CE900BA89E5 /* AppDelegate.m in Sources */,
				D4E293CB2ABE1D3700BA89E5 /* CalBrain.m in Sources */,
				D4E293C22ABE1CEE00BA89E5 /* main.m in Sources */,
				D4E293B42ABE1CE900BA89E5 /* SceneDelegate.m in Sources */,
			);
			runOnlyForDeploymentPostprocessing = 0;
		};
/* End PBXSourcesBuildPhase section */

/* Begin PBXVariantGroup section */
		D4E293B82ABE1CE900BA89E5 /* Main.storyboard */ = {
			isa = PBXVariantGroup;
			children = (
				D4E293B92ABE1CE900BA89E5 /* Base */,
			);
			name = Main.storyboard;
			sourceTree = "<group>";
		};
		D4E293BD2ABE1CEE00BA89E5 /* LaunchScreen.storyboard */ = {
			isa = PBXVariantGroup;
			children = (
				D4E293BE2ABE1CEE00BA89E5 /* Base */,
			);
			name = LaunchScreen.storyboard;
			sourceTree = "<group>";
		};
/* End PBXVariantGroup section */

/* Begin XCBuildConfiguration section */
		D4E293C32ABE1CEE00BA89E5 /* Debug */ = {
			isa = XCBuildConfiguration;
			buildSettings = {
				ALWAYS_SEARCH_USER_PATHS = NO;
				CLANG_ANALYZER_NONNULL = YES;
				CLANG_ANALYZER_NUMBER_OBJECT_CONVERSION = YES_AGGRESSIVE;
				CLANG_CXX_LANGUAGE_STANDARD = "gnu++20";
				CLANG_ENABLE_MODULES = YES;
				CLANG_ENABLE_OBJC_ARC = YES;
				CLANG_ENABLE_OBJC_WEAK = YES;
				CLANG_WARN_BLOCK_CAPTURE_AUTORELEASING = YES;
				CLANG_WARN_BOOL_CONVERSION = YES;
				CLANG_WARN_COMMA = YES;
				CLANG_WARN_CONSTANT_CONVERSION = YES;
				CLANG_WARN_DEPRECATED_OBJC_IMPLEMENTATIONS = YES;
				CLANG_WARN_DIRECT_OBJC_ISA_USAGE = YES_ERROR;
				CLANG_WARN_DOCUMENTATION_COMMENTS = YES;
				CLANG_WARN_EMPTY_BODY = YES;
				CLANG_WARN_ENUM_CONVERSION = YES;
				CLANG_WARN_INFINITE_RECURSION = YES;
				CLANG_WARN_INT_CONVERSION = YES;
				CLANG_WARN_NON_LITERAL_NULL_CONVERSION = YES;
				CLANG_WARN_OBJC_IMPLICIT_RETAIN_SELF = YES;
				CLANG_WARN_OBJC_LITERAL_CONVERSION = YES;
				CLANG_WARN_OBJC_ROOT_CLASS = YES_ERROR;
				CLANG_WARN_QUOTED_INCLUDE_IN_FRAMEWORK_HEADER = YES;
				CLANG_WARN_RANGE_LOOP_ANALYSIS = YES;
				CLANG_WARN_STRICT_PROTOTYPES = YES;
				CLANG_WARN_SUSPICIOUS_MOVE = YES;
				CLANG_WARN_UNGUARDED_AVAILABILITY = YES_AGGRESSIVE;
				CLANG_WARN_UNREACHABLE_CODE = YES;
				CLANG_WARN__DUPLICATE_METHOD_MATCH = YES;
				COPY_PHASE_STRIP = NO;
				DEBUG_INFORMATION_FORMAT = dwarf;
				ENABLE_STRICT_OBJC_MSGSEND = YES;
				ENABLE_TESTABILITY = YES;
				GCC_C_LANGUAGE_STANDARD = gnu11;
				GCC_DYNAMIC_NO_PIC = NO;
				GCC_NO_COMMON_BLOCKS = YES;
				GCC_OPTIMIZATION_LEVEL = 0;
				GCC_PREPROCESSOR_DEFINITIONS = (
					"DEBUG=1",
					"$(inherited)",
				);
				GCC_WARN_64_TO_32_BIT_CONVERSION = YES;
				GCC_WARN_ABOUT_RETURN_TYPE = YES_ERROR;
				GCC_WARN_UNDECLARED_SELECTOR = YES;
				GCC_WARN_UNINITIALIZED_AUTOS = YES_AGGRESSIVE;
				GCC_WARN_UNUSED_FUNCTION = YES;
				GCC_WARN_UNUSED_VARIABLE = YES;
				IPHONEOS_DEPLOYMENT_TARGET = 16.1;
				MTL_ENABLE_DEBUG_INFO = INCLUDE_SOURCE;
				MTL_FAST_MATH = YES;
				ONLY_ACTIVE_ARCH = YES;
				SDKROOT = iphoneos;
			};
			name = Debug;
		};
		D4E293C42ABE1CEE00BA89E5 /* Release */ = {
			isa = XCBuildConfiguration;
			buildSettings = {
				ALWAYS_SEARCH_USER_PATHS = NO;
				CLANG_ANALYZER_NONNULL = YES;
				CLANG_ANALYZER_NUMBER_OBJECT_CONVERSION = YES_AGGRESSIVE;
				CLANG_CXX_LANGUAGE_STANDARD = "gnu++20";
				CLANG_ENABLE_MODULES = YES;
				CLANG_ENABLE_OBJC_ARC = YES;
				CLANG_ENABLE_OBJC_WEAK = YES;
				CLANG_WARN_BLOCK_CAPTURE_AUTORELEASING = YES;
				CLANG_WARN_BOOL_CONVERSION = YES;
				CLANG_WARN_COMMA = YES;
				CLANG_WARN_CONSTANT_CONVERSION = YES;
				CLANG_WARN_DEPRECATED_OBJC_IMPLEMENTATIONS = YES;
				CLANG_WARN_DIRECT_OBJC_ISA_USAGE = YES_ERROR;
				CLANG_WARN_DOCUMENTATION_COMMENTS = YES;
				CLANG_WARN_EMPTY_BODY = YES;
				CLANG_WARN_ENUM_CONVERSION = YES;
				CLANG_WARN_INFINITE_RECURSION = YES;
				CLANG_WARN_INT_CONVERSION = YES;
				CLANG_WARN_NON_LITERAL_NULL_CONVERSION = YES;
				CLANG_WARN_OBJC_IMPLICIT_RETAIN_SELF = YES;
				CLANG_WARN_OBJC_LITERAL_CONVERSION = YES;
				CLANG_WARN_OBJC_ROOT_CLASS = YES_ERROR;
				CLANG_WARN_QUOTED_INCLUDE_IN_FRAMEWORK_HEADER = YES;
				CLANG_WARN_RANGE_LOOP_ANALYSIS = YES;
				CLANG_WARN_STRICT_PROTOTYPES = YES;
				CLANG_WARN_SUSPICIOUS_MOVE = YES;
				CLANG_WARN_UNGUARDED_AVAILABILITY = YES_AGGRESSIVE;
				CLANG_WARN_UNREACHABLE_CODE = YES;
				CLANG_WARN__DUPLICATE_METHOD_MATCH = YES;
				COPY_PHASE_STRIP = NO;
				DEBUG_INFORMATION_FORMAT = "dwarf-with-dsym";
				ENABLE_NS_ASSERTIONS = NO;
				ENABLE_STRICT_OBJC_MSGSEND = YES;
				GCC_C_LANGUAGE_STANDARD = gnu11;
				GCC_NO_COMMON_BLOCKS = YES;
				GCC_WARN_64_TO_32_BIT_CONVERSION = YES;
				GCC_WARN_ABOUT_RETURN_TYPE = YES_ERROR;
				GCC_WARN_UNDECLARED_SELECTOR = YES;
				GCC_WARN_UNINITIALIZED_AUTOS = YES_AGGRESSIVE;
				GCC_WARN_UNUSED_FUNCTION = YES;
				GCC_WARN_UNUSED_VARIABLE = YES;
				IPHONEOS_DEPLOYMENT_TARGET = 16.1;
				MTL_ENABLE_DEBUG_INFO = NO;
				MTL_FAST_MATH = YES;
				SDKROOT = iphoneos;
				VALIDATE_PRODUCT = YES;
			};
			name = Release;
		};
		D4E293C62ABE1CEE00BA89E5 /* Debug */ = {
			isa = XCBuildConfiguration;
			buildSettings = {
				ASSETCATALOG_COMPILER_APPICON_NAME = AppIcon;
				ASSETCATALOG_COMPILER_GLOBAL_ACCENT_COLOR_NAME = AccentColor;
				CODE_SIGN_STYLE = Automatic;
				CURRENT_PROJECT_VERSION = 1;
				GENERATE_INFOPLIST_FILE = YES;
				INFOPLIST_FILE = "iOS-Lab-2/Info.plist";
				INFOPLIST_KEY_UIApplicationSupportsIndirectInputEvents = YES;
				INFOPLIST_KEY_UILaunchStoryboardName = LaunchScreen;
				INFOPLIST_KEY_UIMainStoryboardFile = Main;
				INFOPLIST_KEY_UISupportedInterfaceOrientations_iPad = "UIInterfaceOrientationPortrait UIInterfaceOrientationPortraitUpsideDown UIInterfaceOrientationLandscapeLeft UIInterfaceOrientationLandscapeRight";
				INFOPLIST_KEY_UISupportedInterfaceOrientations_iPhone = "UIInterfaceOrientationPortrait UIInterfaceOrientationLandscapeLeft UIInterfaceOrientationLandscapeRight";
				LD_RUNPATH_SEARCH_PATHS = (
					"$(inherited)",
					"@executable_path/Frameworks",
				);
				MARKETING_VERSION = 1.0;
				PRODUCT_BUNDLE_IDENTIFIER = "ca.senecacollege.Project.iOS-Lab-2";
				PRODUCT_NAME = "$(TARGET_NAME)";
				SWIFT_EMIT_LOC_STRINGS = YES;
				TARGETED_DEVICE_FAMILY = "1,2";
			};
			name = Debug;
		};
		D4E293C72ABE1CEE00BA89E5 /* Release */ = {
			isa = XCBuildConfiguration;
			buildSettings = {
				ASSETCATALOG_COMPILER_APPICON_NAME = AppIcon;
				ASSETCATALOG_COMPILER_GLOBAL_ACCENT_COLOR_NAME = AccentColor;
				CODE_SIGN_STYLE = Automatic;
				CURRENT_PROJECT_VERSION = 1;
				GENERATE_INFOPLIST_FILE = YES;
				INFOPLIST_FILE = "iOS-Lab-2/Info.plist";
				INFOPLIST_KEY_UIApplicationSupportsIndirectInputEvents = YES;
				INFOPLIST_KEY_UILaunchStoryboardName = LaunchScreen;
				INFOPLIST_KEY_UIMainStoryboardFile = Main;
				INFOPLIST_KEY_UISupportedInterfaceOrientations_iPad = "UIInterfaceOrientationPortrait UIInterfaceOrientationPortraitUpsideDown UIInterfaceOrientationLandscapeLeft UIInterfaceOrientationLandscapeRight";
				INFOPLIST_KEY_UISupportedInterfaceOrientations_iPhone = "UIInterfaceOrientationPortrait UIInterfaceOrientationLandscapeLeft UIInterfaceOrientationLandscapeRight";
				LD_RUNPATH_SEARCH_PATHS = (
					"$(inherited)",
					"@executable_path/Frameworks",
				);
				MARKETING_VERSION = 1.0;
				PRODUCT_BUNDLE_IDENTIFIER = "ca.senecacollege.Project.iOS-Lab-2";
				PRODUCT_NAME = "$(TARGET_NAME)";
				SWIFT_EMIT_LOC_STRINGS = YES;
				TARGETED_DEVICE_FAMILY = "1,2";
			};
			name = Release;
		};
/* End XCBuildConfiguration section */

/* Begin XCConfigurationList section */
		D4E293A72ABE1CE900BA89E5 /* Build configuration list for PBXProject "iOS-Lab-2" */ = {
			isa = XCConfigurationList;
			buildConfigurations = (
				D4E293C32ABE1CEE00BA89E5 /* Debug */,
				D4E293C42ABE1CEE00BA89E5 /* Release */,
			);
			defaultConfigurationIsVisible = 0;
			defaultConfigurationName = Release;
		};
		D4E293C52ABE1CEE00BA89E5 /* Build configuration list for PBXNativeTarget "iOS-Lab-2" */ = {
			isa = XCConfigurationList;
			buildConfigurations = (
				D4E293C62ABE1CEE00BA89E5 /* Debug */,
				D4E293C72ABE1CEE00BA89E5 /* Release */,
			);
			defaultConfigurationIsVisible = 0;
			defaultConfigurationName = Release;
		};
/* End XCConfigurationList section */
	};
	rootObject = D4E293A42ABE1CE900BA89E5 /* Project object */;
}
